
Microsoft Visual Studio Solution File, Format Version 12.00
# Visual Studio Version 16
VisualStudioVersion = 16.0.31025.194
MinimumVisualStudioVersion = 10.0.40219.1
Project("{FAE04EC0-301F-11D3-BF4B-00C04F79EFBC}") = "IDFCBankApplication", "IDFCBankApplication\IDFCBankApplication.csproj", "{92B5ACD3-1681-4E4C-95D3-2B6861E4DE63}"
EndProject
Global
	GlobalSection(SolutionConfigurationPlatforms) = preSolution
		Debug|Any CPU = Debug|Any CPU
		Release|Any CPU = Release|Any CPU
	EndGlobalSection
	GlobalSection(ProjectConfigurationPlatforms) = postSolution
		{92B5ACD3-1681-4E4C-95D3-2B6861E4DE63}.Debug|Any CPU.ActiveCfg = Debug|Any CPU
		{92B5ACD3-1681-4E4C-95D3-2B6861E4DE63}.Debug|Any CPU.Build.0 = Debug|Any CPU
		{92B5ACD3-1681-4E4C-95D3-2B6861E4DE63}.Release|Any CPU.ActiveCfg = Release|Any CPU
		{92B5ACD3-1681-4E4C-95D3-2B6861E4DE63}.Release|Any CPU.Build.0 = Release|Any CPU
	EndGlobalSection
	GlobalSection(SolutionProperties) = preSolution
		HideSolutionNode = FALSE
	EndGlobalSection
	GlobalSection(ExtensibilityGlobals) = postSolution
		SolutionGuid = {EAC4ABE9-0987-4225-8FB6-A8E5113C5EBB}
	EndGlobalSection
EndGlobal
